
Microsoft Visual Studio Solution File, Format Version 12.00
# Visual Studio Version 17
VisualStudioVersion = 17.4.33110.190
MinimumVisualStudioVersion = 10.0.40219.1
Project("{FAE04EC0-301F-11D3-BF4B-00C04F79EFBC}") = "BlazorApp2", "BlazorApp2\BlazorApp2.csproj", "{D2B095F0-1FCD-4EDC-8462-505273B10B07}"
EndProject
Global
	GlobalSection(SolutionConfigurationPlatforms) = preSolution
		Debug|Any CPU = Debug|Any CPU
		Release|Any CPU = Release|Any CPU
	EndGlobalSection
	GlobalSection(ProjectConfigurationPlatforms) = postSolution
		{D2B095F0-1FCD-4EDC-8462-505273B10B07}.Debug|Any CPU.ActiveCfg = Debug|Any CPU
		{D2B095F0-1FCD-4EDC-8462-505273B10B07}.Debug|Any CPU.Build.0 = Debug|Any CPU
		{D2B095F0-1FCD-4EDC-8462-505273B10B07}.Release|Any CPU.ActiveCfg = Release|Any CPU
		{D2B095F0-1FCD-4EDC-8462-505273B10B07}.Release|Any CPU.Build.0 = Release|Any CPU
	EndGlobalSection
	GlobalSection(SolutionProperties) = preSolution
		HideSolutionNode = FALSE
	EndGlobalSection
	GlobalSection(ExtensibilityGlobals) = postSolution
		SolutionGuid = {D379C1A6-B0D7-473A-BB40-0DE4383CD0EE}
	EndGlobalSection
EndGlobal
